// !$*UTF8*$!
{
	archiveVersion = 1;
	classes = {
	};
	objectVersion = 56;
	objects = {

/* Begin PBXBuildFile section */
		B401AA3B29022A1200C4B877 /* iOSBLEExampleApp.swift in Sources */ = {isa = PBXBuildFile; fileRef = B401AA3A29022A1200C4B877 /* iOSBLEExampleApp.swift */; };
		B401AA3D29022A1200C4B877 /* ContentView.swift in Sources */ = {isa = PBXBuildFile; fileRef = B401AA3C29022A1200C4B877 /* ContentView.swift */; };
		B401AA3F29022A1400C4B877 /* Assets.xcassets in Resources */ = {isa = PBXBuildFile; fileRef = B401AA3E29022A1400C4B877 /* Assets.xcassets */; };
		B401AA4229022A1400C4B877 /* Preview Assets.xcassets in Resources */ = {isa = PBXBuildFile; fileRef = B401AA4129022A1400C4B877 /* Preview Assets.xcassets */; };
		B401AA4929022B7500C4B877 /* ParticleBLE.swift in Sources */ = {isa = PBXBuildFile; fileRef = B401AA4829022B7500C4B877 /* ParticleBLE.swift */; };
		B401AA4C29023FC500C4B877 /* SwiftProtobuf in Frameworks */ = {isa = PBXBuildFile; productRef = B401AA4B29023FC500C4B877 /* SwiftProtobuf */; };
		B401AA4E29023FC500C4B877 /* SwiftProtobufPluginLibrary in Frameworks */ = {isa = PBXBuildFile; productRef = B401AA4D29023FC500C4B877 /* SwiftProtobufPluginLibrary */; };
		B401AA5029023FC500C4B877 /* protoc-gen-swift in Frameworks */ = {isa = PBXBuildFile; productRef = B401AA4F29023FC500C4B877 /* protoc-gen-swift */; };
		B43F42E529038CF70027B989 /* ECJPake.swift in Sources */ = {isa = PBXBuildFile; fileRef = B43F42E429038CF70027B989 /* ECJPake.swift */; };
		B43F42EA29039B260027B989 /* NIOCore in Frameworks */ = {isa = PBXBuildFile; productRef = B43F42E929039B260027B989 /* NIOCore */; };
		B43F42ED2903C6D20027B989 /* CodeScanner in Frameworks */ = {isa = PBXBuildFile; productRef = B43F42EC2903C6D20027B989 /* CodeScanner */; };
		B43F42EF2903C99A0027B989 /* QRScanner.swift in Sources */ = {isa = PBXBuildFile; fileRef = B43F42EE2903C99A0027B989 /* QRScanner.swift */; };
		B43F42F12903CD4E0027B989 /* SetupWiFi.swift in Sources */ = {isa = PBXBuildFile; fileRef = B43F42F02903CD4E0027B989 /* SetupWiFi.swift */; };
		B43F42F32903D8A60027B989 /* ParticleBLEObservable.swift in Sources */ = {isa = PBXBuildFile; fileRef = B43F42F22903D8A60027B989 /* ParticleBLEObservable.swift */; };
		B4B6089D290369CE00DBE6DF /* cloud.pb.swift in Sources */ = {isa = PBXBuildFile; fileRef = B4B60890290369CD00DBE6DF /* cloud.pb.swift */; };
		B4B6089E290369CE00DBE6DF /* nanopb.pb.swift in Sources */ = {isa = PBXBuildFile; fileRef = B4B60891290369CD00DBE6DF /* nanopb.pb.swift */; };
		B4B6089F290369CE00DBE6DF /* network.pb.swift in Sources */ = {isa = PBXBuildFile; fileRef = B4B60892290369CD00DBE6DF /* network.pb.swift */; };
		B4B608A0290369CE00DBE6DF /* common.pb.swift in Sources */ = {isa = PBXBuildFile; fileRef = B4B60893290369CD00DBE6DF /* common.pb.swift */; };
		B4B608A1290369CE00DBE6DF /* cellular.pb.swift in Sources */ = {isa = PBXBuildFile; fileRef = B4B60894290369CD00DBE6DF /* cellular.pb.swift */; };
		B4B608A2290369CE00DBE6DF /* logging.pb.swift in Sources */ = {isa = PBXBuildFile; fileRef = B4B60895290369CE00DBE6DF /* logging.pb.swift */; };
		B4B608A3290369CE00DBE6DF /* mesh.pb.swift in Sources */ = {isa = PBXBuildFile; fileRef = B4B60896290369CE00DBE6DF /* mesh.pb.swift */; };
		B4B608A4290369CE00DBE6DF /* control.pb.swift in Sources */ = {isa = PBXBuildFile; fileRef = B4B60897290369CE00DBE6DF /* control.pb.swift */; };
		B4B608A5290369CE00DBE6DF /* wifi_new.pb.swift in Sources */ = {isa = PBXBuildFile; fileRef = B4B60898290369CE00DBE6DF /* wifi_new.pb.swift */; };
		B4B608A6290369CE00DBE6DF /* extensions.pb.swift in Sources */ = {isa = PBXBuildFile; fileRef = B4B60899290369CE00DBE6DF /* extensions.pb.swift */; };
		B4B608A7290369CE00DBE6DF /* wifi.pb.swift in Sources */ = {isa = PBXBuildFile; fileRef = B4B6089A290369CE00DBE6DF /* wifi.pb.swift */; };
		B4B608A8290369CE00DBE6DF /* internal.pb.swift in Sources */ = {isa = PBXBuildFile; fileRef = B4B6089B290369CE00DBE6DF /* internal.pb.swift */; };
		B4B608A9290369CE00DBE6DF /* storage.pb.swift in Sources */ = {isa = PBXBuildFile; fileRef = B4B6089C290369CE00DBE6DF /* storage.pb.swift */; };
		B4B608B3290377F000DBE6DF /* mbedTLS in Frameworks */ = {isa = PBXBuildFile; productRef = B4B608B2290377F000DBE6DF /* mbedTLS */; };
/* End PBXBuildFile section */

/* Begin PBXFileReference section */
		B401AA3729022A1200C4B877 /* iOSBLEExample.app */ = {isa = PBXFileReference; explicitFileType = wrapper.application; includeInIndex = 0; path = iOSBLEExample.app; sourceTree = BUILT_PRODUCTS_DIR; };
		B401AA3A29022A1200C4B877 /* iOSBLEExampleApp.swift */ = {isa = PBXFileReference; lastKnownFileType = sourcecode.swift; path = iOSBLEExampleApp.swift; sourceTree = "<group>"; };
		B401AA3C29022A1200C4B877 /* ContentView.swift */ = {isa = PBXFileReference; lastKnownFileType = sourcecode.swift; path = ContentView.swift; sourceTree = "<group>"; };
		B401AA3E29022A1400C4B877 /* Assets.xcassets */ = {isa = PBXFileReference; lastKnownFileType = folder.assetcatalog; path = Assets.xcassets; sourceTree = "<group>"; };
		B401AA4129022A1400C4B877 /* Preview Assets.xcassets */ = {isa = PBXFileReference; lastKnownFileType = folder.assetcatalog; path = "Preview Assets.xcassets"; sourceTree = "<group>"; };
		B401AA4829022B7500C4B877 /* ParticleBLE.swift */ = {isa = PBXFileReference; lastKnownFileType = sourcecode.swift; path = ParticleBLE.swift; sourceTree = "<group>"; };
		B43F42E3290384F50027B989 /* mbedTLS-iOS */ = {isa = PBXFileReference; lastKnownFileType = wrapper; name = "mbedTLS-iOS"; path = "../../mbedTLS-iOS"; sourceTree = "<group>"; };
		B43F42E429038CF70027B989 /* ECJPake.swift */ = {isa = PBXFileReference; lastKnownFileType = sourcecode.swift; path = ECJPake.swift; sourceTree = "<group>"; };
		B43F42EE2903C99A0027B989 /* QRScanner.swift */ = {isa = PBXFileReference; lastKnownFileType = sourcecode.swift; path = QRScanner.swift; sourceTree = "<group>"; };
		B43F42F02903CD4E0027B989 /* SetupWiFi.swift */ = {isa = PBXFileReference; lastKnownFileType = sourcecode.swift; path = SetupWiFi.swift; sourceTree = "<group>"; };
		B43F42F22903D8A60027B989 /* ParticleBLEObservable.swift */ = {isa = PBXFileReference; lastKnownFileType = sourcecode.swift; path = ParticleBLEObservable.swift; sourceTree = "<group>"; };
		B4B60890290369CD00DBE6DF /* cloud.pb.swift */ = {isa = PBXFileReference; fileEncoding = 4; lastKnownFileType = sourcecode.swift; path = cloud.pb.swift; sourceTree = "<group>"; };
		B4B60891290369CD00DBE6DF /* nanopb.pb.swift */ = {isa = PBXFileReference; fileEncoding = 4; lastKnownFileType = sourcecode.swift; path = nanopb.pb.swift; sourceTree = "<group>"; };
		B4B60892290369CD00DBE6DF /* network.pb.swift */ = {isa = PBXFileReference; fileEncoding = 4; lastKnownFileType = sourcecode.swift; path = network.pb.swift; sourceTree = "<group>"; };
		B4B60893290369CD00DBE6DF /* common.pb.swift */ = {isa = PBXFileReference; fileEncoding = 4; lastKnownFileType = sourcecode.swift; path = common.pb.swift; sourceTree = "<group>"; };
		B4B60894290369CD00DBE6DF /* cellular.pb.swift */ = {isa = PBXFileReference; fileEncoding = 4; lastKnownFileType = sourcecode.swift; path = cellular.pb.swift; sourceTree = "<group>"; };
		B4B60895290369CE00DBE6DF /* logging.pb.swift */ = {isa = PBXFileReference; fileEncoding = 4; lastKnownFileType = sourcecode.swift; path = logging.pb.swift; sourceTree = "<group>"; };
		B4B60896290369CE00DBE6DF /* mesh.pb.swift */ = {isa = PBXFileReference; fileEncoding = 4; lastKnownFileType = sourcecode.swift; path = mesh.pb.swift; sourceTree = "<group>"; };
		B4B60897290369CE00DBE6DF /* control.pb.swift */ = {isa = PBXFileReference; fileEncoding = 4; lastKnownFileType = sourcecode.swift; path = control.pb.swift; sourceTree = "<group>"; };
		B4B60898290369CE00DBE6DF /* wifi_new.pb.swift */ = {isa = PBXFileReference; fileEncoding = 4; lastKnownFileType = sourcecode.swift; path = wifi_new.pb.swift; sourceTree = "<group>"; };
		B4B60899290369CE00DBE6DF /* extensions.pb.swift */ = {isa = PBXFileReference; fileEncoding = 4; lastKnownFileType = sourcecode.swift; path = extensions.pb.swift; sourceTree = "<group>"; };
		B4B6089A290369CE00DBE6DF /* wifi.pb.swift */ = {isa = PBXFileReference; fileEncoding = 4; lastKnownFileType = sourcecode.swift; path = wifi.pb.swift; sourceTree = "<group>"; };
		B4B6089B290369CE00DBE6DF /* internal.pb.swift */ = {isa = PBXFileReference; fileEncoding = 4; lastKnownFileType = sourcecode.swift; path = internal.pb.swift; sourceTree = "<group>"; };
		B4B6089C290369CE00DBE6DF /* storage.pb.swift */ = {isa = PBXFileReference; fileEncoding = 4; lastKnownFileType = sourcecode.swift; path = storage.pb.swift; sourceTree = "<group>"; };
/* End PBXFileReference section */

/* Begin PBXFrameworksBuildPhase section */
		B401AA3429022A1200C4B877 /* Frameworks */ = {
			isa = PBXFrameworksBuildPhase;
			buildActionMask = 2147483647;
			files = (
				B401AA4E29023FC500C4B877 /* SwiftProtobufPluginLibrary in Frameworks */,
				B401AA4C29023FC500C4B877 /* SwiftProtobuf in Frameworks */,
				B43F42ED2903C6D20027B989 /* CodeScanner in Frameworks */,
				B4B608B3290377F000DBE6DF /* mbedTLS in Frameworks */,
				B401AA5029023FC500C4B877 /* protoc-gen-swift in Frameworks */,
				B43F42EA29039B260027B989 /* NIOCore in Frameworks */,
			);
			runOnlyForDeploymentPostprocessing = 0;
		};
/* End PBXFrameworksBuildPhase section */

/* Begin PBXGroup section */
		B401AA2E29022A1200C4B877 = {
			isa = PBXGroup;
			children = (
				B401AA3929022A1200C4B877 /* iOSBLEExample */,
				B401AA3829022A1200C4B877 /* Products */,
			);
			sourceTree = "<group>";
		};
		B401AA3829022A1200C4B877 /* Products */ = {
			isa = PBXGroup;
			children = (
				B401AA3729022A1200C4B877 /* iOSBLEExample.app */,
			);
			name = Products;
			sourceTree = "<group>";
		};
		B401AA3929022A1200C4B877 /* iOSBLEExample */ = {
			isa = PBXGroup;
			children = (
				B401AA3A29022A1200C4B877 /* iOSBLEExampleApp.swift */,
				B43F42E3290384F50027B989 /* mbedTLS-iOS */,
				B4B608AA290369DD00DBE6DF /* ProtoBufs */,
				B43F42F4290484280027B989 /* SwiftUI */,
				B43F42F5290484340027B989 /* ParticleBLECode */,
				B401AA3E29022A1400C4B877 /* Assets.xcassets */,
				B401AA4029022A1400C4B877 /* Preview Content */,
			);
			path = iOSBLEExample;
			sourceTree = "<group>";
		};
		B401AA4029022A1400C4B877 /* Preview Content */ = {
			isa = PBXGroup;
			children = (
				B401AA4129022A1400C4B877 /* Preview Assets.xcassets */,
			);
			path = "Preview Content";
			sourceTree = "<group>";
		};
		B43F42F4290484280027B989 /* SwiftUI */ = {
			isa = PBXGroup;
			children = (
				B401AA3C29022A1200C4B877 /* ContentView.swift */,
				B43F42F02903CD4E0027B989 /* SetupWiFi.swift */,
				B43F42EE2903C99A0027B989 /* QRScanner.swift */,
			);
			path = SwiftUI;
			sourceTree = "<group>";
		};
		B43F42F5290484340027B989 /* ParticleBLECode */ = {
			isa = PBXGroup;
			children = (
				B43F42E429038CF70027B989 /* ECJPake.swift */,
				B401AA4829022B7500C4B877 /* ParticleBLE.swift */,
				B43F42F22903D8A60027B989 /* ParticleBLEObservable.swift */,
			);
			path = ParticleBLECode;
			sourceTree = "<group>";
		};
		B4B608AA290369DD00DBE6DF /* ProtoBufs */ = {
			isa = PBXGroup;
			children = (
				B4B60894290369CD00DBE6DF /* cellular.pb.swift */,
				B4B60890290369CD00DBE6DF /* cloud.pb.swift */,
				B4B60893290369CD00DBE6DF /* common.pb.swift */,
				B4B60897290369CE00DBE6DF /* control.pb.swift */,
				B4B60899290369CE00DBE6DF /* extensions.pb.swift */,
				B4B6089B290369CE00DBE6DF /* internal.pb.swift */,
				B4B60895290369CE00DBE6DF /* logging.pb.swift */,
				B4B60896290369CE00DBE6DF /* mesh.pb.swift */,
				B4B60891290369CD00DBE6DF /* nanopb.pb.swift */,
				B4B60892290369CD00DBE6DF /* network.pb.swift */,
				B4B6089C290369CE00DBE6DF /* storage.pb.swift */,
				B4B60898290369CE00DBE6DF /* wifi_new.pb.swift */,
				B4B6089A290369CE00DBE6DF /* wifi.pb.swift */,
			);
			path = ProtoBufs;
			sourceTree = "<group>";
		};
/* End PBXGroup section */

/* Begin PBXNativeTarget section */
		B401AA3629022A1200C4B877 /* iOSBLEExample */ = {
			isa = PBXNativeTarget;
			buildConfigurationList = B401AA4529022A1400C4B877 /* Build configuration list for PBXNativeTarget "iOSBLEExample" */;
			buildPhases = (
				B401AA3329022A1200C4B877 /* Sources */,
				B401AA3429022A1200C4B877 /* Frameworks */,
				B401AA3529022A1200C4B877 /* Resources */,
			);
			buildRules = (
			);
			dependencies = (
			);
			name = iOSBLEExample;
			packageProductDependencies = (
				B401AA4B29023FC500C4B877 /* SwiftProtobuf */,
				B401AA4D29023FC500C4B877 /* SwiftProtobufPluginLibrary */,
				B401AA4F29023FC500C4B877 /* protoc-gen-swift */,
				B4B608B2290377F000DBE6DF /* mbedTLS */,
				B43F42E929039B260027B989 /* NIOCore */,
				B43F42EC2903C6D20027B989 /* CodeScanner */,
			);
			productName = iOSBLEExample;
			productReference = B401AA3729022A1200C4B877 /* iOSBLEExample.app */;
			productType = "com.apple.product-type.application";
		};
/* End PBXNativeTarget section */

/* Begin PBXProject section */
		B401AA2F29022A1200C4B877 /* Project object */ = {
			isa = PBXProject;
			attributes = {
				BuildIndependentTargetsInParallel = 1;
				LastSwiftUpdateCheck = 1400;
				LastUpgradeCheck = 1400;
				TargetAttributes = {
					B401AA3629022A1200C4B877 = {
						CreatedOnToolsVersion = 14.0.1;
					};
				};
			};
			buildConfigurationList = B401AA3229022A1200C4B877 /* Build configuration list for PBXProject "iOSBLEExample" */;
			compatibilityVersion = "Xcode 14.0";
			developmentRegion = en;
			hasScannedForEncodings = 0;
			knownRegions = (
				en,
				Base,
			);
			mainGroup = B401AA2E29022A1200C4B877;
			packageReferences = (
				B401AA4A29023FC500C4B877 /* XCRemoteSwiftPackageReference "swift-protobuf" */,
				B4B608B1290377F000DBE6DF /* XCRemoteSwiftPackageReference "mbedTLS-iOS" */,
				B43F42E829039B260027B989 /* XCRemoteSwiftPackageReference "swift-nio" */,
				B43F42EB2903C6D20027B989 /* XCRemoteSwiftPackageReference "CodeScanner" */,
			);
			productRefGroup = B401AA3829022A1200C4B877 /* Products */;
			projectDirPath = "";
			projectRoot = "";
			targets = (
				B401AA3629022A1200C4B877 /* iOSBLEExample */,
			);
		};
/* End PBXProject section */

/* Begin PBXResourcesBuildPhase section */
		B401AA3529022A1200C4B877 /* Resources */ = {
			isa = PBXResourcesBuildPhase;
			buildActionMask = 2147483647;
			files = (
				B401AA4229022A1400C4B877 /* Preview Assets.xcassets in Resources */,
				B401AA3F29022A1400C4B877 /* Assets.xcassets in Resources */,
			);
			runOnlyForDeploymentPostprocessing = 0;
		};
/* End PBXResourcesBuildPhase section */

/* Begin PBXSourcesBuildPhase section */
		B401AA3329022A1200C4B877 /* Sources */ = {
			isa = PBXSourcesBuildPhase;
			buildActionMask = 2147483647;
			files = (
				B4B608A9290369CE00DBE6DF /* storage.pb.swift in Sources */,
				B4B608A1290369CE00DBE6DF /* cellular.pb.swift in Sources */,
				B4B608A3290369CE00DBE6DF /* mesh.pb.swift in Sources */,
				B4B608A0290369CE00DBE6DF /* common.pb.swift in Sources */,
				B4B608A6290369CE00DBE6DF /* extensions.pb.swift in Sources */,
				B4B6089D290369CE00DBE6DF /* cloud.pb.swift in Sources */,
				B4B608A5290369CE00DBE6DF /* wifi_new.pb.swift in Sources */,
				B4B608A4290369CE00DBE6DF /* control.pb.swift in Sources */,
				B4B608A7290369CE00DBE6DF /* wifi.pb.swift in Sources */,
				B43F42EF2903C99A0027B989 /* QRScanner.swift in Sources */,
				B4B6089E290369CE00DBE6DF /* nanopb.pb.swift in Sources */,
				B401AA3D29022A1200C4B877 /* ContentView.swift in Sources */,
				B4B6089F290369CE00DBE6DF /* network.pb.swift in Sources */,
				B43F42F12903CD4E0027B989 /* SetupWiFi.swift in Sources */,
				B43F42F32903D8A60027B989 /* ParticleBLEObservable.swift in Sources */,
				B401AA4929022B7500C4B877 /* ParticleBLE.swift in Sources */,
				B4B608A8290369CE00DBE6DF /* internal.pb.swift in Sources */,
				B4B608A2290369CE00DBE6DF /* logging.pb.swift in Sources */,
				B43F42E529038CF70027B989 /* ECJPake.swift in Sources */,
				B401AA3B29022A1200C4B877 /* iOSBLEExampleApp.swift in Sources */,
			);
			runOnlyForDeploymentPostprocessing = 0;
		};
/* End PBXSourcesBuildPhase section */

/* Begin XCBuildConfiguration section */
		B401AA4329022A1400C4B877 /* Debug */ = {
			isa = XCBuildConfiguration;
			buildSettings = {
				ALWAYS_SEARCH_USER_PATHS = NO;
				CLANG_ANALYZER_NONNULL = YES;
				CLANG_ANALYZER_NUMBER_OBJECT_CONVERSION = YES_AGGRESSIVE;
				CLANG_CXX_LANGUAGE_STANDARD = "gnu++20";
				CLANG_ENABLE_MODULES = YES;
				CLANG_ENABLE_OBJC_ARC = YES;
				CLANG_ENABLE_OBJC_WEAK = YES;
				CLANG_WARN_BLOCK_CAPTURE_AUTORELEASING = YES;
				CLANG_WARN_BOOL_CONVERSION = YES;
				CLANG_WARN_COMMA = YES;
				CLANG_WARN_CONSTANT_CONVERSION = YES;
				CLANG_WARN_DEPRECATED_OBJC_IMPLEMENTATIONS = YES;
				CLANG_WARN_DIRECT_OBJC_ISA_USAGE = YES_ERROR;
				CLANG_WARN_DOCUMENTATION_COMMENTS = YES;
				CLANG_WARN_EMPTY_BODY = YES;
				CLANG_WARN_ENUM_CONVERSION = YES;
				CLANG_WARN_INFINITE_RECURSION = YES;
				CLANG_WARN_INT_CONVERSION = YES;
				CLANG_WARN_NON_LITERAL_NULL_CONVERSION = YES;
				CLANG_WARN_OBJC_IMPLICIT_RETAIN_SELF = YES;
				CLANG_WARN_OBJC_LITERAL_CONVERSION = YES;
				CLANG_WARN_OBJC_ROOT_CLASS = YES_ERROR;
				CLANG_WARN_QUOTED_INCLUDE_IN_FRAMEWORK_HEADER = YES;
				CLANG_WARN_RANGE_LOOP_ANALYSIS = YES;
				CLANG_WARN_STRICT_PROTOTYPES = YES;
				CLANG_WARN_SUSPICIOUS_MOVE = YES;
				CLANG_WARN_UNGUARDED_AVAILABILITY = YES_AGGRESSIVE;
				CLANG_WARN_UNREACHABLE_CODE = YES;
				CLANG_WARN__DUPLICATE_METHOD_MATCH = YES;
				COPY_PHASE_STRIP = NO;
				DEBUG_INFORMATION_FORMAT = dwarf;
				ENABLE_STRICT_OBJC_MSGSEND = YES;
				ENABLE_TESTABILITY = YES;
				GCC_C_LANGUAGE_STANDARD = gnu11;
				GCC_DYNAMIC_NO_PIC = NO;
				GCC_NO_COMMON_BLOCKS = YES;
				GCC_OPTIMIZATION_LEVEL = 0;
				GCC_PREPROCESSOR_DEFINITIONS = (
					"DEBUG=1",
					"$(inherited)",
				);
				GCC_WARN_64_TO_32_BIT_CONVERSION = YES;
				GCC_WARN_ABOUT_RETURN_TYPE = YES_ERROR;
				GCC_WARN_UNDECLARED_SELECTOR = YES;
				GCC_WARN_UNINITIALIZED_AUTOS = YES_AGGRESSIVE;
				GCC_WARN_UNUSED_FUNCTION = YES;
				GCC_WARN_UNUSED_VARIABLE = YES;
				IPHONEOS_DEPLOYMENT_TARGET = 16.0;
				MTL_ENABLE_DEBUG_INFO = INCLUDE_SOURCE;
				MTL_FAST_MATH = YES;
				ONLY_ACTIVE_ARCH = YES;
				SDKROOT = iphoneos;
				SWIFT_ACTIVE_COMPILATION_CONDITIONS = DEBUG;
				SWIFT_OPTIMIZATION_LEVEL = "-Onone";
			};
			name = Debug;
		};
		B401AA4429022A1400C4B877 /* Release */ = {
			isa = XCBuildConfiguration;
			buildSettings = {
				ALWAYS_SEARCH_USER_PATHS = NO;
				CLANG_ANALYZER_NONNULL = YES;
				CLANG_ANALYZER_NUMBER_OBJECT_CONVERSION = YES_AGGRESSIVE;
				CLANG_CXX_LANGUAGE_STANDARD = "gnu++20";
				CLANG_ENABLE_MODULES = YES;
				CLANG_ENABLE_OBJC_ARC = YES;
				CLANG_ENABLE_OBJC_WEAK = YES;
				CLANG_WARN_BLOCK_CAPTURE_AUTORELEASING = YES;
				CLANG_WARN_BOOL_CONVERSION = YES;
				CLANG_WARN_COMMA = YES;
				CLANG_WARN_CONSTANT_CONVERSION = YES;
				CLANG_WARN_DEPRECATED_OBJC_IMPLEMENTATIONS = YES;
				CLANG_WARN_DIRECT_OBJC_ISA_USAGE = YES_ERROR;
				CLANG_WARN_DOCUMENTATION_COMMENTS = YES;
				CLANG_WARN_EMPTY_BODY = YES;
				CLANG_WARN_ENUM_CONVERSION = YES;
				CLANG_WARN_INFINITE_RECURSION = YES;
				CLANG_WARN_INT_CONVERSION = YES;
				CLANG_WARN_NON_LITERAL_NULL_CONVERSION = YES;
				CLANG_WARN_OBJC_IMPLICIT_RETAIN_SELF = YES;
				CLANG_WARN_OBJC_LITERAL_CONVERSION = YES;
				CLANG_WARN_OBJC_ROOT_CLASS = YES_ERROR;
				CLANG_WARN_QUOTED_INCLUDE_IN_FRAMEWORK_HEADER = YES;
				CLANG_WARN_RANGE_LOOP_ANALYSIS = YES;
				CLANG_WARN_STRICT_PROTOTYPES = YES;
				CLANG_WARN_SUSPICIOUS_MOVE = YES;
				CLANG_WARN_UNGUARDED_AVAILABILITY = YES_AGGRESSIVE;
				CLANG_WARN_UNREACHABLE_CODE = YES;
				CLANG_WARN__DUPLICATE_METHOD_MATCH = YES;
				COPY_PHASE_STRIP = NO;
				DEBUG_INFORMATION_FORMAT = "dwarf-with-dsym";
				ENABLE_NS_ASSERTIONS = NO;
				ENABLE_STRICT_OBJC_MSGSEND = YES;
				GCC_C_LANGUAGE_STANDARD = gnu11;
				GCC_NO_COMMON_BLOCKS = YES;
				GCC_WARN_64_TO_32_BIT_CONVERSION = YES;
				GCC_WARN_ABOUT_RETURN_TYPE = YES_ERROR;
				GCC_WARN_UNDECLARED_SELECTOR = YES;
				GCC_WARN_UNINITIALIZED_AUTOS = YES_AGGRESSIVE;
				GCC_WARN_UNUSED_FUNCTION = YES;
				GCC_WARN_UNUSED_VARIABLE = YES;
				IPHONEOS_DEPLOYMENT_TARGET = 16.0;
				MTL_ENABLE_DEBUG_INFO = NO;
				MTL_FAST_MATH = YES;
				SDKROOT = iphoneos;
				SWIFT_COMPILATION_MODE = wholemodule;
				SWIFT_OPTIMIZATION_LEVEL = "-O";
				VALIDATE_PRODUCT = YES;
			};
			name = Release;
		};
		B401AA4629022A1400C4B877 /* Debug */ = {
			isa = XCBuildConfiguration;
			buildSettings = {
				ASSETCATALOG_COMPILER_APPICON_NAME = AppIcon;
				ASSETCATALOG_COMPILER_GLOBAL_ACCENT_COLOR_NAME = AccentColor;
				CODE_SIGN_STYLE = Automatic;
				CURRENT_PROJECT_VERSION = 1;
				DEVELOPMENT_ASSET_PATHS = "\"iOSBLEExample/Preview Content\"";
				DEVELOPMENT_TEAM = TNJ67X9MQD;
				ENABLE_PREVIEWS = YES;
				GENERATE_INFOPLIST_FILE = YES;
				INFOPLIST_KEY_NSBluetoothAlwaysUsageDescription = "This app uses BLE";
				INFOPLIST_KEY_NSBluetoothPeripheralUsageDescription = "This app uses BLE";
				INFOPLIST_KEY_NSCameraUsageDescription = "We use the camera";
				INFOPLIST_KEY_UIApplicationSceneManifest_Generation = YES;
				INFOPLIST_KEY_UIApplicationSupportsIndirectInputEvents = YES;
				INFOPLIST_KEY_UILaunchScreen_Generation = YES;
				INFOPLIST_KEY_UISupportedInterfaceOrientations_iPad = "UIInterfaceOrientationPortrait UIInterfaceOrientationPortraitUpsideDown UIInterfaceOrientationLandscapeLeft UIInterfaceOrientationLandscapeRight";
				INFOPLIST_KEY_UISupportedInterfaceOrientations_iPhone = "UIInterfaceOrientationPortrait UIInterfaceOrientationLandscapeLeft UIInterfaceOrientationLandscapeRight";
				LD_RUNPATH_SEARCH_PATHS = (
					"$(inherited)",
					"@executable_path/Frameworks",
				);
				MARKETING_VERSION = 1.0;
				PRODUCT_BUNDLE_IDENTIFIER = io.particle.iOSBLEExample;
				PRODUCT_NAME = "$(TARGET_NAME)";
				SWIFT_EMIT_LOC_STRINGS = YES;
				SWIFT_VERSION = 5.0;
				TARGETED_DEVICE_FAMILY = "1,2";
			};
			name = Debug;
		};
		B401AA4729022A1400C4B877 /* Release */ = {
			isa = XCBuildConfiguration;
			buildSettings = {
				ASSETCATALOG_COMPILER_APPICON_NAME = AppIcon;
				ASSETCATALOG_COMPILER_GLOBAL_ACCENT_COLOR_NAME = AccentColor;
				CODE_SIGN_STYLE = Automatic;
				CURRENT_PROJECT_VERSION = 1;
				DEVELOPMENT_ASSET_PATHS = "\"iOSBLEExample/Preview Content\"";
				DEVELOPMENT_TEAM = TNJ67X9MQD;
				ENABLE_PREVIEWS = YES;
				GENERATE_INFOPLIST_FILE = YES;
				INFOPLIST_KEY_NSBluetoothAlwaysUsageDescription = "This app uses BLE";
				INFOPLIST_KEY_NSBluetoothPeripheralUsageDescription = "This app uses BLE";
				INFOPLIST_KEY_NSCameraUsageDescription = "We use the camera";
				INFOPLIST_KEY_UIApplicationSceneManifest_Generation = YES;
				INFOPLIST_KEY_UIApplicationSupportsIndirectInputEvents = YES;
				INFOPLIST_KEY_UILaunchScreen_Generation = YES;
				INFOPLIST_KEY_UISupportedInterfaceOrientations_iPad = "UIInterfaceOrientationPortrait UIInterfaceOrientationPortraitUpsideDown UIInterfaceOrientationLandscapeLeft UIInterfaceOrientationLandscapeRight";
				INFOPLIST_KEY_UISupportedInterfaceOrientations_iPhone = "UIInterfaceOrientationPortrait UIInterfaceOrientationLandscapeLeft UIInterfaceOrientationLandscapeRight";
				LD_RUNPATH_SEARCH_PATHS = (
					"$(inherited)",
					"@executable_path/Frameworks",
				);
				MARKETING_VERSION = 1.0;
				PRODUCT_BUNDLE_IDENTIFIER = io.particle.iOSBLEExample;
				PRODUCT_NAME = "$(TARGET_NAME)";
				SWIFT_EMIT_LOC_STRINGS = YES;
				SWIFT_VERSION = 5.0;
				TARGETED_DEVICE_FAMILY = "1,2";
			};
			name = Release;
		};
/* End XCBuildConfiguration section */

/* Begin XCConfigurationList section */
		B401AA3229022A1200C4B877 /* Build configuration list for PBXProject "iOSBLEExample" */ = {
			isa = XCConfigurationList;
			buildConfigurations = (
				B401AA4329022A1400C4B877 /* Debug */,
				B401AA4429022A1400C4B877 /* Release */,
			);
			defaultConfigurationIsVisible = 0;
			defaultConfigurationName = Release;
		};
		B401AA4529022A1400C4B877 /* Build configuration list for PBXNativeTarget "iOSBLEExample" */ = {
			isa = XCConfigurationList;
			buildConfigurations = (
				B401AA4629022A1400C4B877 /* Debug */,
				B401AA4729022A1400C4B877 /* Release */,
			);
			defaultConfigurationIsVisible = 0;
			defaultConfigurationName = Release;
		};
/* End XCConfigurationList section */

/* Begin XCRemoteSwiftPackageReference section */
		B401AA4A29023FC500C4B877 /* XCRemoteSwiftPackageReference "swift-protobuf" */ = {
			isa = XCRemoteSwiftPackageReference;
			repositoryURL = "https://github.com/apple/swift-protobuf.git";
			requirement = {
				kind = upToNextMajorVersion;
				minimumVersion = 1.0.0;
			};
		};
		B43F42E829039B260027B989 /* XCRemoteSwiftPackageReference "swift-nio" */ = {
			isa = XCRemoteSwiftPackageReference;
			repositoryURL = "https://github.com/apple/swift-nio.git";
			requirement = {
				kind = upToNextMajorVersion;
				minimumVersion = 2.0.0;
			};
		};
		B43F42EB2903C6D20027B989 /* XCRemoteSwiftPackageReference "CodeScanner" */ = {
			isa = XCRemoteSwiftPackageReference;
			repositoryURL = "https://github.com/twostraws/CodeScanner";
			requirement = {
				kind = upToNextMajorVersion;
				minimumVersion = 2.0.0;
			};
		};
		B4B608B1290377F000DBE6DF /* XCRemoteSwiftPackageReference "mbedTLS-iOS" */ = {
			isa = XCRemoteSwiftPackageReference;
			repositoryURL = "https://github.com/simplisafe/mbedTLS-iOS";
			requirement = {
				branch = master;
				kind = branch;
			};
		};
/* End XCRemoteSwiftPackageReference section */

/* Begin XCSwiftPackageProductDependency section */
		B401AA4B29023FC500C4B877 /* SwiftProtobuf */ = {
			isa = XCSwiftPackageProductDependency;
			package = B401AA4A29023FC500C4B877 /* XCRemoteSwiftPackageReference "swift-protobuf" */;
			productName = SwiftProtobuf;
		};
		B401AA4D29023FC500C4B877 /* SwiftProtobufPluginLibrary */ = {
			isa = XCSwiftPackageProductDependency;
			package = B401AA4A29023FC500C4B877 /* XCRemoteSwiftPackageReference "swift-protobuf" */;
			productName = SwiftProtobufPluginLibrary;
		};
		B401AA4F29023FC500C4B877 /* protoc-gen-swift */ = {
			isa = XCSwiftPackageProductDependency;
			package = B401AA4A29023FC500C4B877 /* XCRemoteSwiftPackageReference "swift-protobuf" */;
			productName = "protoc-gen-swift";
		};
		B43F42E929039B260027B989 /* NIOCore */ = {
			isa = XCSwiftPackageProductDependency;
			package = B43F42E829039B260027B989 /* XCRemoteSwiftPackageReference "swift-nio" */;
			productName = NIOCore;
		};
		B43F42EC2903C6D20027B989 /* CodeScanner */ = {
			isa = XCSwiftPackageProductDependency;
			package = B43F42EB2903C6D20027B989 /* XCRemoteSwiftPackageReference "CodeScanner" */;
			productName = CodeScanner;
		};
		B4B608B2290377F000DBE6DF /* mbedTLS */ = {
			isa = XCSwiftPackageProductDependency;
			package = B4B608B1290377F000DBE6DF /* XCRemoteSwiftPackageReference "mbedTLS-iOS" */;
			productName = mbedTLS;
		};
/* End XCSwiftPackageProductDependency section */
	};
	rootObject = B401AA2F29022A1200C4B877 /* Project object */;
}
